
Microsoft Visual Studio Solution File, Format Version 12.00
# Visual Studio Version 16
VisualStudioVersion = 16.0.31911.196
MinimumVisualStudioVersion = 10.0.40219.1
Project("{FAE04EC0-301F-11D3-BF4B-00C04F79EFBC}") = "Gayrimenkul Yönetim Sistemi", "Gayrimenkul Yönetim Sistemi\Gayrimenkul Yönetim Sistemi.csproj", "{522A845D-51C3-46FB-B4B6-367C1E79DE52}"
EndProject
Global
	GlobalSection(SolutionConfigurationPlatforms) = preSolution
		Debug|Any CPU = Debug|Any CPU
		Release|Any CPU = Release|Any CPU
	EndGlobalSection
	GlobalSection(ProjectConfigurationPlatforms) = postSolution
		{522A845D-51C3-46FB-B4B6-367C1E79DE52}.Debug|Any CPU.ActiveCfg = Debug|Any CPU
		{522A845D-51C3-46FB-B4B6-367C1E79DE52}.Debug|Any CPU.Build.0 = Debug|Any CPU
		{522A845D-51C3-46FB-B4B6-367C1E79DE52}.Release|Any CPU.ActiveCfg = Release|Any CPU
		{522A845D-51C3-46FB-B4B6-367C1E79DE52}.Release|Any CPU.Build.0 = Release|Any CPU
	EndGlobalSection
	GlobalSection(SolutionProperties) = preSolution
		HideSolutionNode = FALSE
	EndGlobalSection
	GlobalSection(ExtensibilityGlobals) = postSolution
		SolutionGuid = {233064B5-0214-4DF0-8A08-B81201823F29}
	EndGlobalSection
EndGlobal
